
Microsoft Visual Studio Solution File, Format Version 12.00
# Visual Studio Version 17
VisualStudioVersion = 17.4.33205.214
MinimumVisualStudioVersion = 10.0.40219.1
Project("{FAE04EC0-301F-11D3-BF4B-00C04F79EFBC}") = "BankingApplication", "BankingApplication.csproj", "{4CBF238A-FCC5-4897-BA00-66CE1864FFB3}"
EndProject
Global
	GlobalSection(SolutionConfigurationPlatforms) = preSolution
		Debug|Any CPU = Debug|Any CPU
		Release|Any CPU = Release|Any CPU
	EndGlobalSection
	GlobalSection(ProjectConfigurationPlatforms) = postSolution
		{4CBF238A-FCC5-4897-BA00-66CE1864FFB3}.Debug|Any CPU.ActiveCfg = Debug|Any CPU
		{4CBF238A-FCC5-4897-BA00-66CE1864FFB3}.Debug|Any CPU.Build.0 = Debug|Any CPU
		{4CBF238A-FCC5-4897-BA00-66CE1864FFB3}.Release|Any CPU.ActiveCfg = Release|Any CPU
		{4CBF238A-FCC5-4897-BA00-66CE1864FFB3}.Release|Any CPU.Build.0 = Release|Any CPU
	EndGlobalSection
	GlobalSection(SolutionProperties) = preSolution
		HideSolutionNode = FALSE
	EndGlobalSection
	GlobalSection(ExtensibilityGlobals) = postSolution
		SolutionGuid = {432195A3-815F-4941-8BBF-ED7478991521}
	EndGlobalSection
EndGlobal
